
Microsoft Visual Studio Solution File, Format Version 12.00
# Visual Studio Version 16
VisualStudioVersion = 16.0.31911.196
MinimumVisualStudioVersion = 10.0.40219.1
Project("{FAE04EC0-301F-11D3-BF4B-00C04F79EFBC}") = "XScraper", "XScraper\XScraper.csproj", "{5142C42A-CF17-4E05-9147-636D80D5CF1D}"
EndProject
Global
	GlobalSection(SolutionConfigurationPlatforms) = preSolution
		Debug|Any CPU = Debug|Any CPU
		Release|Any CPU = Release|Any CPU
	EndGlobalSection
	GlobalSection(ProjectConfigurationPlatforms) = postSolution
		{5142C42A-CF17-4E05-9147-636D80D5CF1D}.Debug|Any CPU.ActiveCfg = Debug|Any CPU
		{5142C42A-CF17-4E05-9147-636D80D5CF1D}.Debug|Any CPU.Build.0 = Debug|Any CPU
		{5142C42A-CF17-4E05-9147-636D80D5CF1D}.Release|Any CPU.ActiveCfg = Release|Any CPU
		{5142C42A-CF17-4E05-9147-636D80D5CF1D}.Release|Any CPU.Build.0 = Release|Any CPU
	EndGlobalSection
	GlobalSection(SolutionProperties) = preSolution
		HideSolutionNode = FALSE
	EndGlobalSection
	GlobalSection(ExtensibilityGlobals) = postSolution
		SolutionGuid = {2722FEF2-CEDA-4A99-82F6-A42848ECB560}
	EndGlobalSection
EndGlobal
